
Microsoft Visual Studio Solution File, Format Version 12.00
# Visual Studio Version 17
VisualStudioVersion = 17.11.35222.181
MinimumVisualStudioVersion = 10.0.40219.1
Project("{9A19103F-16F7-4668-BE54-9A1E7A4F7556}") = "MovieProjectWebServices", "MovieProjectWebServices\MovieProjectWebServices.csproj", "{1F0D2C04-7255-495C-BD6A-F808034FE9B5}"
EndProject
Project("{9A19103F-16F7-4668-BE54-9A1E7A4F7556}") = "MoviesDatabase", "..\MoviesDatabase\MoviesDatabase\MoviesDatabase.csproj", "{276A4DEB-4E2A-4203-A806-D2EAA4663580}"
EndProject
Project("{FAE04EC0-301F-11D3-BF4B-00C04F79EFBC}") = "MovieProjectUnitTesting", "MovieProjectUnitTesting\MovieProjectUnitTesting\MovieProjectUnitTesting.csproj", "{F86AC8F9-3056-463F-9CD3-4E53283751DA}"
EndProject
Global
	GlobalSection(SolutionConfigurationPlatforms) = preSolution
		Debug|Any CPU = Debug|Any CPU
		Release|Any CPU = Release|Any CPU
	EndGlobalSection
	GlobalSection(ProjectConfigurationPlatforms) = postSolution
		{1F0D2C04-7255-495C-BD6A-F808034FE9B5}.Debug|Any CPU.ActiveCfg = Debug|Any CPU
		{1F0D2C04-7255-495C-BD6A-F808034FE9B5}.Debug|Any CPU.Build.0 = Debug|Any CPU
		{1F0D2C04-7255-495C-BD6A-F808034FE9B5}.Release|Any CPU.ActiveCfg = Release|Any CPU
		{1F0D2C04-7255-495C-BD6A-F808034FE9B5}.Release|Any CPU.Build.0 = Release|Any CPU
		{276A4DEB-4E2A-4203-A806-D2EAA4663580}.Debug|Any CPU.ActiveCfg = Debug|Any CPU
		{276A4DEB-4E2A-4203-A806-D2EAA4663580}.Debug|Any CPU.Build.0 = Debug|Any CPU
		{276A4DEB-4E2A-4203-A806-D2EAA4663580}.Release|Any CPU.ActiveCfg = Release|Any CPU
		{276A4DEB-4E2A-4203-A806-D2EAA4663580}.Release|Any CPU.Build.0 = Release|Any CPU
		{F86AC8F9-3056-463F-9CD3-4E53283751DA}.Debug|Any CPU.ActiveCfg = Debug|Any CPU
		{F86AC8F9-3056-463F-9CD3-4E53283751DA}.Debug|Any CPU.Build.0 = Debug|Any CPU
		{F86AC8F9-3056-463F-9CD3-4E53283751DA}.Release|Any CPU.ActiveCfg = Release|Any CPU
		{F86AC8F9-3056-463F-9CD3-4E53283751DA}.Release|Any CPU.Build.0 = Release|Any CPU
	EndGlobalSection
	GlobalSection(SolutionProperties) = preSolution
		HideSolutionNode = FALSE
	EndGlobalSection
	GlobalSection(ExtensibilityGlobals) = postSolution
		SolutionGuid = {D77CD3DA-D9E8-4A4E-B947-46F8D8A7FB34}
	EndGlobalSection
EndGlobal
